
Microsoft Visual Studio Solution File, Format Version 12.00
# Visual Studio 14
VisualStudioVersion = 14.0.25123.0
MinimumVisualStudioVersion = 10.0.40219.1
Project("{FAE04EC0-301F-11D3-BF4B-00C04F79EFBC}") = "FleetEntityFramework", "FleetEntityFramework\FleetEntityFramework.csproj", "{D063F451-31E9-40E0-862F-22F51466B462}"
EndProject
Project("{FAE04EC0-301F-11D3-BF4B-00C04F79EFBC}") = "FleetServer", "FleetServer\FleetServer.csproj", "{A68CB713-7617-4F5D-8037-F4419BC09608}"
EndProject
Global
	GlobalSection(SolutionConfigurationPlatforms) = preSolution
		Debug|Any CPU = Debug|Any CPU
		Release|Any CPU = Release|Any CPU
	EndGlobalSection
	GlobalSection(ProjectConfigurationPlatforms) = postSolution
		{D063F451-31E9-40E0-862F-22F51466B462}.Debug|Any CPU.ActiveCfg = Debug|Any CPU
		{D063F451-31E9-40E0-862F-22F51466B462}.Debug|Any CPU.Build.0 = Debug|Any CPU
		{D063F451-31E9-40E0-862F-22F51466B462}.Release|Any CPU.ActiveCfg = Release|Any CPU
		{D063F451-31E9-40E0-862F-22F51466B462}.Release|Any CPU.Build.0 = Release|Any CPU
		{A68CB713-7617-4F5D-8037-F4419BC09608}.Debug|Any CPU.ActiveCfg = Debug|Any CPU
		{A68CB713-7617-4F5D-8037-F4419BC09608}.Debug|Any CPU.Build.0 = Debug|Any CPU
		{A68CB713-7617-4F5D-8037-F4419BC09608}.Release|Any CPU.ActiveCfg = Release|Any CPU
		{A68CB713-7617-4F5D-8037-F4419BC09608}.Release|Any CPU.Build.0 = Release|Any CPU
	EndGlobalSection
	GlobalSection(SolutionProperties) = preSolution
		HideSolutionNode = FALSE
	EndGlobalSection
EndGlobal
